
Microsoft Visual Studio Solution File, Format Version 10.00
# Visual Studio 2008
Project("{6989167D-11E4-40FE-8C1A-2192A86A7E90}") = "modflw2000", "modflw2000.vfproj", "{7EF71CC0-63BE-411D-A9C7-853EA52F3798}"
EndProject
Global
	GlobalSection(SolutionConfigurationPlatforms) = preSolution
		Debug|Win32 = Debug|Win32
		Release|Win32 = Release|Win32
	EndGlobalSection
	GlobalSection(ProjectConfigurationPlatforms) = postSolution
		{7EF71CC0-63BE-411D-A9C7-853EA52F3798}.Debug|Win32.ActiveCfg = Debug|Win32
		{7EF71CC0-63BE-411D-A9C7-853EA52F3798}.Debug|Win32.Build.0 = Debug|Win32
		{7EF71CC0-63BE-411D-A9C7-853EA52F3798}.Release|Win32.ActiveCfg = Release|Win32
		{7EF71CC0-63BE-411D-A9C7-853EA52F3798}.Release|Win32.Build.0 = Release|Win32
	EndGlobalSection
	GlobalSection(SolutionProperties) = preSolution
		HideSolutionNode = FALSE
	EndGlobalSection
EndGlobal
